
Microsoft Visual Studio Solution File, Format Version 12.00
# Visual Studio 15
VisualStudioVersion = 15.0.28307.421
MinimumVisualStudioVersion = 10.0.40219.1
Project("{9A19103F-16F7-4668-BE54-9A1E7A4F7556}") = "LockServerAPI", "LockServerAPI.csproj", "{234119EC-013B-48AE-8742-7FCD806F5FD3}"
EndProject
Global
	GlobalSection(SolutionConfigurationPlatforms) = preSolution
		Debug|Any CPU = Debug|Any CPU
		Release|Any CPU = Release|Any CPU
	EndGlobalSection
	GlobalSection(ProjectConfigurationPlatforms) = postSolution
		{234119EC-013B-48AE-8742-7FCD806F5FD3}.Debug|Any CPU.ActiveCfg = Debug|Any CPU
		{234119EC-013B-48AE-8742-7FCD806F5FD3}.Debug|Any CPU.Build.0 = Debug|Any CPU
		{234119EC-013B-48AE-8742-7FCD806F5FD3}.Release|Any CPU.ActiveCfg = Release|Any CPU
		{234119EC-013B-48AE-8742-7FCD806F5FD3}.Release|Any CPU.Build.0 = Release|Any CPU
	EndGlobalSection
	GlobalSection(SolutionProperties) = preSolution
		HideSolutionNode = FALSE
	EndGlobalSection
	GlobalSection(ExtensibilityGlobals) = postSolution
		SolutionGuid = {BDAB9A82-7FA5-4A8D-9598-FB62DDC98C21}
	EndGlobalSection
EndGlobal
