
Microsoft Visual Studio Solution File, Format Version 12.00
# Visual Studio 15
VisualStudioVersion = 15.0.28307.421
MinimumVisualStudioVersion = 10.0.40219.1
Project("{FAE04EC0-301F-11D3-BF4B-00C04F79EFBC}") = "LockMobileClient.Android", "LockMobileClient\LockMobileClient.Android\LockMobileClient.Android.csproj", "{DBAB8148-9346-48C6-8277-87A29A960ED8}"
EndProject
Project("{9A19103F-16F7-4668-BE54-9A1E7A4F7556}") = "LockMobileClient", "LockMobileClient\LockMobileClient\LockMobileClient.csproj", "{A6B12891-43DD-4106-9351-17FDC1A98E9D}"
EndProject
Project("{2150E333-8FDC-42A3-9474-1A3956D46DE8}") = "MobileClient", "MobileClient", "{CCABB080-A571-40C5-8DAC-E560BF98064C}"
EndProject
Project("{2150E333-8FDC-42A3-9474-1A3956D46DE8}") = "ServerAPI", "ServerAPI", "{1488446F-5C60-4B44-A4E7-A6A041F3DC12}"
EndProject
Project("{9A19103F-16F7-4668-BE54-9A1E7A4F7556}") = "LockServerAPI", "LockServerAPI\LockServerAPI.csproj", "{234119EC-013B-48AE-8742-7FCD806F5FD3}"
EndProject
Global
	GlobalSection(SolutionConfigurationPlatforms) = preSolution
		Debug|Any CPU = Debug|Any CPU
		Release|Any CPU = Release|Any CPU
	EndGlobalSection
	GlobalSection(ProjectConfigurationPlatforms) = postSolution
		{DBAB8148-9346-48C6-8277-87A29A960ED8}.Debug|Any CPU.ActiveCfg = Debug|Any CPU
		{DBAB8148-9346-48C6-8277-87A29A960ED8}.Debug|Any CPU.Build.0 = Debug|Any CPU
		{DBAB8148-9346-48C6-8277-87A29A960ED8}.Debug|Any CPU.Deploy.0 = Debug|Any CPU
		{DBAB8148-9346-48C6-8277-87A29A960ED8}.Release|Any CPU.ActiveCfg = Release|Any CPU
		{DBAB8148-9346-48C6-8277-87A29A960ED8}.Release|Any CPU.Build.0 = Release|Any CPU
		{DBAB8148-9346-48C6-8277-87A29A960ED8}.Release|Any CPU.Deploy.0 = Release|Any CPU
		{A6B12891-43DD-4106-9351-17FDC1A98E9D}.Debug|Any CPU.ActiveCfg = Debug|Any CPU
		{A6B12891-43DD-4106-9351-17FDC1A98E9D}.Debug|Any CPU.Build.0 = Debug|Any CPU
		{A6B12891-43DD-4106-9351-17FDC1A98E9D}.Debug|Any CPU.Deploy.0 = Debug|Any CPU
		{A6B12891-43DD-4106-9351-17FDC1A98E9D}.Release|Any CPU.ActiveCfg = Release|Any CPU
		{A6B12891-43DD-4106-9351-17FDC1A98E9D}.Release|Any CPU.Build.0 = Release|Any CPU
		{A6B12891-43DD-4106-9351-17FDC1A98E9D}.Release|Any CPU.Deploy.0 = Release|Any CPU
		{234119EC-013B-48AE-8742-7FCD806F5FD3}.Debug|Any CPU.ActiveCfg = Debug|Any CPU
		{234119EC-013B-48AE-8742-7FCD806F5FD3}.Debug|Any CPU.Build.0 = Debug|Any CPU
		{234119EC-013B-48AE-8742-7FCD806F5FD3}.Release|Any CPU.ActiveCfg = Release|Any CPU
		{234119EC-013B-48AE-8742-7FCD806F5FD3}.Release|Any CPU.Build.0 = Release|Any CPU
	EndGlobalSection
	GlobalSection(SolutionProperties) = preSolution
		HideSolutionNode = FALSE
	EndGlobalSection
	GlobalSection(NestedProjects) = preSolution
		{DBAB8148-9346-48C6-8277-87A29A960ED8} = {CCABB080-A571-40C5-8DAC-E560BF98064C}
		{A6B12891-43DD-4106-9351-17FDC1A98E9D} = {CCABB080-A571-40C5-8DAC-E560BF98064C}
		{234119EC-013B-48AE-8742-7FCD806F5FD3} = {1488446F-5C60-4B44-A4E7-A6A041F3DC12}
	EndGlobalSection
	GlobalSection(ExtensibilityGlobals) = postSolution
		SolutionGuid = {BDAB9A82-7FA5-4A8D-9598-FB62DDC98C21}
	EndGlobalSection
EndGlobal
